// !$*UTF8*$!
{
	archiveVersion = 1;
	classes = {
	};
	objectVersion = 46;
	objects = {

/* Begin PBXBuildFile section */
		3DAB2A739CB695E3D2C51961 /* libPods.a in Frameworks */ = {isa = PBXBuildFile; fileRef = 568CB5C6F231A79AE4C9FE2B /* libPods.a */; };
		7C23BA831B2BB66F0070323C /* LoginViewController.swift in Sources */ = {isa = PBXBuildFile; fileRef = 7C23BA821B2BB66F0070323C /* LoginViewController.swift */; };
		7C23BA861B2BC3400070323C /* User.swift in Sources */ = {isa = PBXBuildFile; fileRef = 7C23BA851B2BC3400070323C /* User.swift */; };
		7C23BA881B2BC7810070323C /* ProfileViewController.swift in Sources */ = {isa = PBXBuildFile; fileRef = 7C23BA871B2BC7810070323C /* ProfileViewController.swift */; };
		7C6606D51B2B9912004CC9EC /* Parse.framework in Frameworks */ = {isa = PBXBuildFile; fileRef = 7C6606D31B2B9912004CC9EC /* Parse.framework */; };
		7C6606D61B2B9912004CC9EC /* ParseFacebookUtils.framework in Frameworks */ = {isa = PBXBuildFile; fileRef = 7C6606D41B2B9912004CC9EC /* ParseFacebookUtils.framework */; };
		7C6606D81B2B99B3004CC9EC /* AudioToolbox.framework in Frameworks */ = {isa = PBXBuildFile; fileRef = 7C6606D71B2B99B3004CC9EC /* AudioToolbox.framework */; };
		7C6606DA1B2B99C9004CC9EC /* CFNetwork.framework in Frameworks */ = {isa = PBXBuildFile; fileRef = 7C6606D91B2B99C9004CC9EC /* CFNetwork.framework */; };
		7C6606DC1B2B99EC004CC9EC /* CoreGraphics.framework in Frameworks */ = {isa = PBXBuildFile; fileRef = 7C6606DB1B2B99EC004CC9EC /* CoreGraphics.framework */; };
		7C6606DE1B2B9A10004CC9EC /* CoreLocation.framework in Frameworks */ = {isa = PBXBuildFile; fileRef = 7C6606DD1B2B9A10004CC9EC /* CoreLocation.framework */; };
		7C6606E01B2B9A37004CC9EC /* MobileCoreServices.framework in Frameworks */ = {isa = PBXBuildFile; fileRef = 7C6606DF1B2B9A37004CC9EC /* MobileCoreServices.framework */; };
		7C6606E21B2B9A62004CC9EC /* QuartzCore.framework in Frameworks */ = {isa = PBXBuildFile; fileRef = 7C6606E11B2B9A62004CC9EC /* QuartzCore.framework */; };
		7C6606E41B2B9A8F004CC9EC /* Security.framework in Frameworks */ = {isa = PBXBuildFile; fileRef = 7C6606E31B2B9A8F004CC9EC /* Security.framework */; };
		7C6606E61B2B9AAE004CC9EC /* StoreKit.framework in Frameworks */ = {isa = PBXBuildFile; fileRef = 7C6606E51B2B9AAE004CC9EC /* StoreKit.framework */; };
		7C6606E81B2B9ADF004CC9EC /* SystemConfiguration.framework in Frameworks */ = {isa = PBXBuildFile; fileRef = 7C6606E71B2B9ADF004CC9EC /* SystemConfiguration.framework */; };
		7C6606EA1B2B9B10004CC9EC /* libz.dylib in Frameworks */ = {isa = PBXBuildFile; fileRef = 7C6606E91B2B9B10004CC9EC /* libz.dylib */; };
		7C6606EC1B2B9B40004CC9EC /* libsqlite3.dylib in Frameworks */ = {isa = PBXBuildFile; fileRef = 7C6606EB1B2B9B40004CC9EC /* libsqlite3.dylib */; };
		7CDC49791B2A4A1300291E4D /* AppDelegate.swift in Sources */ = {isa = PBXBuildFile; fileRef = 7CDC49781B2A4A1300291E4D /* AppDelegate.swift */; };
		7CDC497C1B2A4A1300291E4D /* BitDateApp.xcdatamodeld in Sources */ = {isa = PBXBuildFile; fileRef = 7CDC497A1B2A4A1300291E4D /* BitDateApp.xcdatamodeld */; };
		7CDC497E1B2A4A1300291E4D /* ViewController.swift in Sources */ = {isa = PBXBuildFile; fileRef = 7CDC497D1B2A4A1300291E4D /* ViewController.swift */; };
		7CDC49811B2A4A1300291E4D /* Main.storyboard in Resources */ = {isa = PBXBuildFile; fileRef = 7CDC497F1B2A4A1300291E4D /* Main.storyboard */; };
		7CDC49831B2A4A1300291E4D /* Images.xcassets in Resources */ = {isa = PBXBuildFile; fileRef = 7CDC49821B2A4A1300291E4D /* Images.xcassets */; };
		7CDC49861B2A4A1300291E4D /* LaunchScreen.xib in Resources */ = {isa = PBXBuildFile; fileRef = 7CDC49841B2A4A1300291E4D /* LaunchScreen.xib */; };
		7CDC49921B2A4A1300291E4D /* BitDateAppTests.swift in Sources */ = {isa = PBXBuildFile; fileRef = 7CDC49911B2A4A1300291E4D /* BitDateAppTests.swift */; };
		7CDC499D1B2A4B2B00291E4D /* CardView.swift in Sources */ = {isa = PBXBuildFile; fileRef = 7CDC499C1B2A4B2B00291E4D /* CardView.swift */; };
		7CDC499F1B2A7CB400291E4D /* SwipeView.swift in Sources */ = {isa = PBXBuildFile; fileRef = 7CDC499E1B2A7CB400291E4D /* SwipeView.swift */; };
		7CDC49A21B2A814200291E4D /* CardsViewController.swift in Sources */ = {isa = PBXBuildFile; fileRef = 7CDC49A11B2A814200291E4D /* CardsViewController.swift */; };
/* End PBXBuildFile section */

/* Begin PBXContainerItemProxy section */
		7CDC498C1B2A4A1300291E4D /* PBXContainerItemProxy */ = {
			isa = PBXContainerItemProxy;
			containerPortal = 7CDC496B1B2A4A1300291E4D /* Project object */;
			proxyType = 1;
			remoteGlobalIDString = 7CDC49721B2A4A1300291E4D;
			remoteInfo = BitDateApp;
		};
/* End PBXContainerItemProxy section */

/* Begin PBXFileReference section */
		19BC2C189654A4C8082CAF85 /* Pods.release.xcconfig */ = {isa = PBXFileReference; includeInIndex = 1; lastKnownFileType = text.xcconfig; name = Pods.release.xcconfig; path = "Pods/Target Support Files/Pods/Pods.release.xcconfig"; sourceTree = "<group>"; };
		37ACCDA998E1240487A95304 /* Pods.debug.xcconfig */ = {isa = PBXFileReference; includeInIndex = 1; lastKnownFileType = text.xcconfig; name = Pods.debug.xcconfig; path = "Pods/Target Support Files/Pods/Pods.debug.xcconfig"; sourceTree = "<group>"; };
		568CB5C6F231A79AE4C9FE2B /* libPods.a */ = {isa = PBXFileReference; explicitFileType = archive.ar; includeInIndex = 0; path = libPods.a; sourceTree = BUILT_PRODUCTS_DIR; };
		7C23BA821B2BB66F0070323C /* LoginViewController.swift */ = {isa = PBXFileReference; fileEncoding = 4; lastKnownFileType = sourcecode.swift; path = LoginViewController.swift; sourceTree = "<group>"; };
		7C23BA851B2BC3400070323C /* User.swift */ = {isa = PBXFileReference; fileEncoding = 4; lastKnownFileType = sourcecode.swift; path = User.swift; sourceTree = "<group>"; };
		7C23BA871B2BC7810070323C /* ProfileViewController.swift */ = {isa = PBXFileReference; fileEncoding = 4; lastKnownFileType = sourcecode.swift; path = ProfileViewController.swift; sourceTree = "<group>"; };
		7C6606D31B2B9912004CC9EC /* Parse.framework */ = {isa = PBXFileReference; lastKnownFileType = wrapper.framework; path = Parse.framework; sourceTree = "<group>"; };
		7C6606D41B2B9912004CC9EC /* ParseFacebookUtils.framework */ = {isa = PBXFileReference; lastKnownFileType = wrapper.framework; path = ParseFacebookUtils.framework; sourceTree = "<group>"; };
		7C6606D71B2B99B3004CC9EC /* AudioToolbox.framework */ = {isa = PBXFileReference; lastKnownFileType = wrapper.framework; name = AudioToolbox.framework; path = System/Library/Frameworks/AudioToolbox.framework; sourceTree = SDKROOT; };
		7C6606D91B2B99C9004CC9EC /* CFNetwork.framework */ = {isa = PBXFileReference; lastKnownFileType = wrapper.framework; name = CFNetwork.framework; path = System/Library/Frameworks/CFNetwork.framework; sourceTree = SDKROOT; };
		7C6606DB1B2B99EC004CC9EC /* CoreGraphics.framework */ = {isa = PBXFileReference; lastKnownFileType = wrapper.framework; name = CoreGraphics.framework; path = System/Library/Frameworks/CoreGraphics.framework; sourceTree = SDKROOT; };
		7C6606DD1B2B9A10004CC9EC /* CoreLocation.framework */ = {isa = PBXFileReference; lastKnownFileType = wrapper.framework; name = CoreLocation.framework; path = System/Library/Frameworks/CoreLocation.framework; sourceTree = SDKROOT; };
		7C6606DF1B2B9A37004CC9EC /* MobileCoreServices.framework */ = {isa = PBXFileReference; lastKnownFileType = wrapper.framework; name = MobileCoreServices.framework; path = System/Library/Frameworks/MobileCoreServices.framework; sourceTree = SDKROOT; };
		7C6606E11B2B9A62004CC9EC /* QuartzCore.framework */ = {isa = PBXFileReference; lastKnownFileType = wrapper.framework; name = QuartzCore.framework; path = System/Library/Frameworks/QuartzCore.framework; sourceTree = SDKROOT; };
		7C6606E31B2B9A8F004CC9EC /* Security.framework */ = {isa = PBXFileReference; lastKnownFileType = wrapper.framework; name = Security.framework; path = System/Library/Frameworks/Security.framework; sourceTree = SDKROOT; };
		7C6606E51B2B9AAE004CC9EC /* StoreKit.framework */ = {isa = PBXFileReference; lastKnownFileType = wrapper.framework; name = StoreKit.framework; path = System/Library/Frameworks/StoreKit.framework; sourceTree = SDKROOT; };
		7C6606E71B2B9ADF004CC9EC /* SystemConfiguration.framework */ = {isa = PBXFileReference; lastKnownFileType = wrapper.framework; name = SystemConfiguration.framework; path = System/Library/Frameworks/SystemConfiguration.framework; sourceTree = SDKROOT; };
		7C6606E91B2B9B10004CC9EC /* libz.dylib */ = {isa = PBXFileReference; lastKnownFileType = "compiled.mach-o.dylib"; name = libz.dylib; path = usr/lib/libz.dylib; sourceTree = SDKROOT; };
		7C6606EB1B2B9B40004CC9EC /* libsqlite3.dylib */ = {isa = PBXFileReference; lastKnownFileType = "compiled.mach-o.dylib"; name = libsqlite3.dylib; path = usr/lib/libsqlite3.dylib; sourceTree = SDKROOT; };
		7C6606ED1B2B9C3D004CC9EC /* Bridging-Header.h */ = {isa = PBXFileReference; lastKnownFileType = sourcecode.c.h; path = "Bridging-Header.h"; sourceTree = "<group>"; };
		7CDC49731B2A4A1300291E4D /* BitDateApp.app */ = {isa = PBXFileReference; explicitFileType = wrapper.application; includeInIndex = 0; path = BitDateApp.app; sourceTree = BUILT_PRODUCTS_DIR; };
		7CDC49771B2A4A1300291E4D /* Info.plist */ = {isa = PBXFileReference; lastKnownFileType = text.plist.xml; path = Info.plist; sourceTree = "<group>"; };
		7CDC49781B2A4A1300291E4D /* AppDelegate.swift */ = {isa = PBXFileReference; lastKnownFileType = sourcecode.swift; path = AppDelegate.swift; sourceTree = "<group>"; };
		7CDC497B1B2A4A1300291E4D /* BitDateApp.xcdatamodel */ = {isa = PBXFileReference; lastKnownFileType = wrapper.xcdatamodel; path = BitDateApp.xcdatamodel; sourceTree = "<group>"; };
		7CDC497D1B2A4A1300291E4D /* ViewController.swift */ = {isa = PBXFileReference; lastKnownFileType = sourcecode.swift; path = ViewController.swift; sourceTree = "<group>"; };
		7CDC49801B2A4A1300291E4D /* Base */ = {isa = PBXFileReference; lastKnownFileType = file.storyboard; name = Base; path = Base.lproj/Main.storyboard; sourceTree = "<group>"; };
		7CDC49821B2A4A1300291E4D /* Images.xcassets */ = {isa = PBXFileReference; lastKnownFileType = folder.assetcatalog; path = Images.xcassets; sourceTree = "<group>"; };
		7CDC49851B2A4A1300291E4D /* Base */ = {isa = PBXFileReference; lastKnownFileType = file.xib; name = Base; path = Base.lproj/LaunchScreen.xib; sourceTree = "<group>"; };
		7CDC498B1B2A4A1300291E4D /* BitDateAppTests.xctest */ = {isa = PBXFileReference; explicitFileType = wrapper.cfbundle; includeInIndex = 0; path = BitDateAppTests.xctest; sourceTree = BUILT_PRODUCTS_DIR; };
		7CDC49901B2A4A1300291E4D /* Info.plist */ = {isa = PBXFileReference; lastKnownFileType = text.plist.xml; path = Info.plist; sourceTree = "<group>"; };
		7CDC49911B2A4A1300291E4D /* BitDateAppTests.swift */ = {isa = PBXFileReference; lastKnownFileType = sourcecode.swift; path = BitDateAppTests.swift; sourceTree = "<group>"; };
		7CDC499C1B2A4B2B00291E4D /* CardView.swift */ = {isa = PBXFileReference; fileEncoding = 4; lastKnownFileType = sourcecode.swift; path = CardView.swift; sourceTree = "<group>"; };
		7CDC499E1B2A7CB400291E4D /* SwipeView.swift */ = {isa = PBXFileReference; fileEncoding = 4; lastKnownFileType = sourcecode.swift; path = SwipeView.swift; sourceTree = "<group>"; };
		7CDC49A11B2A814200291E4D /* CardsViewController.swift */ = {isa = PBXFileReference; fileEncoding = 4; lastKnownFileType = sourcecode.swift; path = CardsViewController.swift; sourceTree = "<group>"; };
/* End PBXFileReference section */

/* Begin PBXFrameworksBuildPhase section */
		7CDC49701B2A4A1300291E4D /* Frameworks */ = {
			isa = PBXFrameworksBuildPhase;
			buildActionMask = 2147483647;
			files = (
				7C6606EC1B2B9B40004CC9EC /* libsqlite3.dylib in Frameworks */,
				7C6606EA1B2B9B10004CC9EC /* libz.dylib in Frameworks */,
				7C6606E81B2B9ADF004CC9EC /* SystemConfiguration.framework in Frameworks */,
				7C6606E61B2B9AAE004CC9EC /* StoreKit.framework in Frameworks */,
				7C6606E41B2B9A8F004CC9EC /* Security.framework in Frameworks */,
				7C6606E21B2B9A62004CC9EC /* QuartzCore.framework in Frameworks */,
				7C6606E01B2B9A37004CC9EC /* MobileCoreServices.framework in Frameworks */,
				7C6606DE1B2B9A10004CC9EC /* CoreLocation.framework in Frameworks */,
				7C6606DC1B2B99EC004CC9EC /* CoreGraphics.framework in Frameworks */,
				7C6606DA1B2B99C9004CC9EC /* CFNetwork.framework in Frameworks */,
				7C6606D81B2B99B3004CC9EC /* AudioToolbox.framework in Frameworks */,
				7C6606D61B2B9912004CC9EC /* ParseFacebookUtils.framework in Frameworks */,
				7C6606D51B2B9912004CC9EC /* Parse.framework in Frameworks */,
				3DAB2A739CB695E3D2C51961 /* libPods.a in Frameworks */,
			);
			runOnlyForDeploymentPostprocessing = 0;
		};
		7CDC49881B2A4A1300291E4D /* Frameworks */ = {
			isa = PBXFrameworksBuildPhase;
			buildActionMask = 2147483647;
			files = (
			);
			runOnlyForDeploymentPostprocessing = 0;
		};
/* End PBXFrameworksBuildPhase section */

/* Begin PBXGroup section */
		31A28549B1C13CEEAB5EC054 /* Pods */ = {
			isa = PBXGroup;
			children = (
				37ACCDA998E1240487A95304 /* Pods.debug.xcconfig */,
				19BC2C189654A4C8082CAF85 /* Pods.release.xcconfig */,
			);
			name = Pods;
			sourceTree = "<group>";
		};
		7C23BA841B2BC3220070323C /* Data */ = {
			isa = PBXGroup;
			children = (
				7C23BA851B2BC3400070323C /* User.swift */,
			);
			name = Data;
			sourceTree = "<group>";
		};
		7C6606D21B2B98B4004CC9EC /* Frameworks */ = {
			isa = PBXGroup;
			children = (
				7C6606EB1B2B9B40004CC9EC /* libsqlite3.dylib */,
				7C6606E91B2B9B10004CC9EC /* libz.dylib */,
				7C6606E71B2B9ADF004CC9EC /* SystemConfiguration.framework */,
				7C6606E51B2B9AAE004CC9EC /* StoreKit.framework */,
				7C6606E31B2B9A8F004CC9EC /* Security.framework */,
				7C6606E11B2B9A62004CC9EC /* QuartzCore.framework */,
				7C6606DF1B2B9A37004CC9EC /* MobileCoreServices.framework */,
				7C6606DD1B2B9A10004CC9EC /* CoreLocation.framework */,
				7C6606DB1B2B99EC004CC9EC /* CoreGraphics.framework */,
				7C6606D91B2B99C9004CC9EC /* CFNetwork.framework */,
				7C6606D71B2B99B3004CC9EC /* AudioToolbox.framework */,
				7C6606D31B2B9912004CC9EC /* Parse.framework */,
				7C6606D41B2B9912004CC9EC /* ParseFacebookUtils.framework */,
				568CB5C6F231A79AE4C9FE2B /* libPods.a */,
			);
			name = Frameworks;
			path = BitDateApp;
			sourceTree = "<group>";
		};
		7CDC496A1B2A4A1300291E4D = {
			isa = PBXGroup;
			children = (
				7CDC49751B2A4A1300291E4D /* BitDateApp */,
				7C6606D21B2B98B4004CC9EC /* Frameworks */,
				7CDC498E1B2A4A1300291E4D /* BitDateAppTests */,
				7CDC49741B2A4A1300291E4D /* Products */,
				31A28549B1C13CEEAB5EC054 /* Pods */,
			);
			sourceTree = "<group>";
		};
		7CDC49741B2A4A1300291E4D /* Products */ = {
			isa = PBXGroup;
			children = (
				7CDC49731B2A4A1300291E4D /* BitDateApp.app */,
				7CDC498B1B2A4A1300291E4D /* BitDateAppTests.xctest */,
			);
			name = Products;
			sourceTree = "<group>";
		};
		7CDC49751B2A4A1300291E4D /* BitDateApp */ = {
			isa = PBXGroup;
			children = (
				7CDC49781B2A4A1300291E4D /* AppDelegate.swift */,
				7C23BA841B2BC3220070323C /* Data */,
				7CDC499B1B2A4AF500291E4D /* Views */,
				7CDC49A01B2A810100291E4D /* ViewControllers */,
				7CDC497F1B2A4A1300291E4D /* Main.storyboard */,
				7CDC49821B2A4A1300291E4D /* Images.xcassets */,
				7CDC49841B2A4A1300291E4D /* LaunchScreen.xib */,
				7CDC497A1B2A4A1300291E4D /* BitDateApp.xcdatamodeld */,
				7CDC49761B2A4A1300291E4D /* Supporting Files */,
			);
			path = BitDateApp;
			sourceTree = "<group>";
		};
		7CDC49761B2A4A1300291E4D /* Supporting Files */ = {
			isa = PBXGroup;
			children = (
				7CDC49771B2A4A1300291E4D /* Info.plist */,
				7C6606ED1B2B9C3D004CC9EC /* Bridging-Header.h */,
			);
			name = "Supporting Files";
			sourceTree = "<group>";
		};
		7CDC498E1B2A4A1300291E4D /* BitDateAppTests */ = {
			isa = PBXGroup;
			children = (
				7CDC49911B2A4A1300291E4D /* BitDateAppTests.swift */,
				7CDC498F1B2A4A1300291E4D /* Supporting Files */,
			);
			path = BitDateAppTests;
			sourceTree = "<group>";
		};
		7CDC498F1B2A4A1300291E4D /* Supporting Files */ = {
			isa = PBXGroup;
			children = (
				7CDC49901B2A4A1300291E4D /* Info.plist */,
			);
			name = "Supporting Files";
			sourceTree = "<group>";
		};
		7CDC499B1B2A4AF500291E4D /* Views */ = {
			isa = PBXGroup;
			children = (
				7CDC499C1B2A4B2B00291E4D /* CardView.swift */,
				7CDC499E1B2A7CB400291E4D /* SwipeView.swift */,
			);
			name = Views;
			sourceTree = "<group>";
		};
		7CDC49A01B2A810100291E4D /* ViewControllers */ = {
			isa = PBXGroup;
			children = (
				7CDC497D1B2A4A1300291E4D /* ViewController.swift */,
				7C23BA821B2BB66F0070323C /* LoginViewController.swift */,
				7CDC49A11B2A814200291E4D /* CardsViewController.swift */,
				7C23BA871B2BC7810070323C /* ProfileViewController.swift */,
			);
			name = ViewControllers;
			sourceTree = "<group>";
		};
/* End PBXGroup section */

/* Begin PBXNativeTarget section */
		7CDC49721B2A4A1300291E4D /* BitDateApp */ = {
			isa = PBXNativeTarget;
			buildConfigurationList = 7CDC49951B2A4A1300291E4D /* Build configuration list for PBXNativeTarget "BitDateApp" */;
			buildPhases = (
				339119D6A2019CB1FCC1DC7A /* Check Pods Manifest.lock */,
				7CDC496F1B2A4A1300291E4D /* Sources */,
				7CDC49701B2A4A1300291E4D /* Frameworks */,
				7CDC49711B2A4A1300291E4D /* Resources */,
				B6CF4332A847D06DE02766F4 /* Copy Pods Resources */,
			);
			buildRules = (
			);
			dependencies = (
			);
			name = BitDateApp;
			productName = BitDateApp;
			productReference = 7CDC49731B2A4A1300291E4D /* BitDateApp.app */;
			productType = "com.apple.product-type.application";
		};
		7CDC498A1B2A4A1300291E4D /* BitDateAppTests */ = {
			isa = PBXNativeTarget;
			buildConfigurationList = 7CDC49981B2A4A1300291E4D /* Build configuration list for PBXNativeTarget "BitDateAppTests" */;
			buildPhases = (
				7CDC49871B2A4A1300291E4D /* Sources */,
				7CDC49881B2A4A1300291E4D /* Frameworks */,
				7CDC49891B2A4A1300291E4D /* Resources */,
			);
			buildRules = (
			);
			dependencies = (
				7CDC498D1B2A4A1300291E4D /* PBXTargetDependency */,
			);
			name = BitDateAppTests;
			productName = BitDateAppTests;
			productReference = 7CDC498B1B2A4A1300291E4D /* BitDateAppTests.xctest */;
			productType = "com.apple.product-type.bundle.unit-test";
		};
/* End PBXNativeTarget section */

/* Begin PBXProject section */
		7CDC496B1B2A4A1300291E4D /* Project object */ = {
			isa = PBXProject;
			attributes = {
				LastUpgradeCheck = 0630;
				ORGANIZATIONNAME = "Adriel Carsete";
				TargetAttributes = {
					7CDC49721B2A4A1300291E4D = {
						CreatedOnToolsVersion = 6.3.2;
					};
					7CDC498A1B2A4A1300291E4D = {
						CreatedOnToolsVersion = 6.3.2;
						TestTargetID = 7CDC49721B2A4A1300291E4D;
					};
				};
			};
			buildConfigurationList = 7CDC496E1B2A4A1300291E4D /* Build configuration list for PBXProject "BitDateApp" */;
			compatibilityVersion = "Xcode 3.2";
			developmentRegion = English;
			hasScannedForEncodings = 0;
			knownRegions = (
				en,
				Base,
			);
			mainGroup = 7CDC496A1B2A4A1300291E4D;
			productRefGroup = 7CDC49741B2A4A1300291E4D /* Products */;
			projectDirPath = "";
			projectRoot = "";
			targets = (
				7CDC49721B2A4A1300291E4D /* BitDateApp */,
				7CDC498A1B2A4A1300291E4D /* BitDateAppTests */,
			);
		};
/* End PBXProject section */

/* Begin PBXResourcesBuildPhase section */
		7CDC49711B2A4A1300291E4D /* Resources */ = {
			isa = PBXResourcesBuildPhase;
			buildActionMask = 2147483647;
			files = (
				7CDC49811B2A4A1300291E4D /* Main.storyboard in Resources */,
				7CDC49861B2A4A1300291E4D /* LaunchScreen.xib in Resources */,
				7CDC49831B2A4A1300291E4D /* Images.xcassets in Resources */,
			);
			runOnlyForDeploymentPostprocessing = 0;
		};
		7CDC49891B2A4A1300291E4D /* Resources */ = {
			isa = PBXResourcesBuildPhase;
			buildActionMask = 2147483647;
			files = (
			);
			runOnlyForDeploymentPostprocessing = 0;
		};
/* End PBXResourcesBuildPhase section */

/* Begin PBXShellScriptBuildPhase section */
		339119D6A2019CB1FCC1DC7A /* Check Pods Manifest.lock */ = {
			isa = PBXShellScriptBuildPhase;
			buildActionMask = 2147483647;
			files = (
			);
			inputPaths = (
			);
			name = "Check Pods Manifest.lock";
			outputPaths = (
			);
			runOnlyForDeploymentPostprocessing = 0;
			shellPath = /bin/sh;
			shellScript = "diff \"${PODS_ROOT}/../Podfile.lock\" \"${PODS_ROOT}/Manifest.lock\" > /dev/null\nif [[ $? != 0 ]] ; then\n    cat << EOM\nerror: The sandbox is not in sync with the Podfile.lock. Run 'pod install' or update your CocoaPods installation.\nEOM\n    exit 1\nfi\n";
			showEnvVarsInLog = 0;
		};
		B6CF4332A847D06DE02766F4 /* Copy Pods Resources */ = {
			isa = PBXShellScriptBuildPhase;
			buildActionMask = 2147483647;
			files = (
			);
			inputPaths = (
			);
			name = "Copy Pods Resources";
			outputPaths = (
			);
			runOnlyForDeploymentPostprocessing = 0;
			shellPath = /bin/sh;
			shellScript = "\"${SRCROOT}/Pods/Target Support Files/Pods/Pods-resources.sh\"\n";
			showEnvVarsInLog = 0;
		};
/* End PBXShellScriptBuildPhase section */

/* Begin PBXSourcesBuildPhase section */
		7CDC496F1B2A4A1300291E4D /* Sources */ = {
			isa = PBXSourcesBuildPhase;
			buildActionMask = 2147483647;
			files = (
				7C23BA831B2BB66F0070323C /* LoginViewController.swift in Sources */,
				7CDC497E1B2A4A1300291E4D /* ViewController.swift in Sources */,
				7CDC49791B2A4A1300291E4D /* AppDelegate.swift in Sources */,
				7CDC49A21B2A814200291E4D /* CardsViewController.swift in Sources */,
				7C23BA861B2BC3400070323C /* User.swift in Sources */,
				7CDC499D1B2A4B2B00291E4D /* CardView.swift in Sources */,
				7C23BA881B2BC7810070323C /* ProfileViewController.swift in Sources */,
				7CDC499F1B2A7CB400291E4D /* SwipeView.swift in Sources */,
				7CDC497C1B2A4A1300291E4D /* BitDateApp.xcdatamodeld in Sources */,
			);
			runOnlyForDeploymentPostprocessing = 0;
		};
		7CDC49871B2A4A1300291E4D /* Sources */ = {
			isa = PBXSourcesBuildPhase;
			buildActionMask = 2147483647;
			files = (
				7CDC49921B2A4A1300291E4D /* BitDateAppTests.swift in Sources */,
			);
			runOnlyForDeploymentPostprocessing = 0;
		};
/* End PBXSourcesBuildPhase section */

/* Begin PBXTargetDependency section */
		7CDC498D1B2A4A1300291E4D /* PBXTargetDependency */ = {
			isa = PBXTargetDependency;
			target = 7CDC49721B2A4A1300291E4D /* BitDateApp */;
			targetProxy = 7CDC498C1B2A4A1300291E4D /* PBXContainerItemProxy */;
		};
/* End PBXTargetDependency section */

/* Begin PBXVariantGroup section */
		7CDC497F1B2A4A1300291E4D /* Main.storyboard */ = {
			isa = PBXVariantGroup;
			children = (
				7CDC49801B2A4A1300291E4D /* Base */,
			);
			name = Main.storyboard;
			sourceTree = "<group>";
		};
		7CDC49841B2A4A1300291E4D /* LaunchScreen.xib */ = {
			isa = PBXVariantGroup;
			children = (
				7CDC49851B2A4A1300291E4D /* Base */,
			);
			name = LaunchScreen.xib;
			sourceTree = "<group>";
		};
/* End PBXVariantGroup section */

/* Begin XCBuildConfiguration section */
		7CDC49931B2A4A1300291E4D /* Debug */ = {
			isa = XCBuildConfiguration;
			buildSettings = {
				ALWAYS_SEARCH_USER_PATHS = NO;
				CLANG_CXX_LANGUAGE_STANDARD = "gnu++0x";
				CLANG_CXX_LIBRARY = "libc++";
				CLANG_ENABLE_MODULES = YES;
				CLANG_ENABLE_OBJC_ARC = YES;
				CLANG_WARN_BOOL_CONVERSION = YES;
				CLANG_WARN_CONSTANT_CONVERSION = YES;
				CLANG_WARN_DIRECT_OBJC_ISA_USAGE = YES_ERROR;
				CLANG_WARN_EMPTY_BODY = YES;
				CLANG_WARN_ENUM_CONVERSION = YES;
				CLANG_WARN_INT_CONVERSION = YES;
				CLANG_WARN_OBJC_ROOT_CLASS = YES_ERROR;
				CLANG_WARN_UNREACHABLE_CODE = YES;
				CLANG_WARN__DUPLICATE_METHOD_MATCH = YES;
				"CODE_SIGN_IDENTITY[sdk=iphoneos*]" = "iPhone Developer";
				COPY_PHASE_STRIP = NO;
				DEBUG_INFORMATION_FORMAT = "dwarf-with-dsym";
				ENABLE_STRICT_OBJC_MSGSEND = YES;
				GCC_C_LANGUAGE_STANDARD = gnu99;
				GCC_DYNAMIC_NO_PIC = NO;
				GCC_NO_COMMON_BLOCKS = YES;
				GCC_OPTIMIZATION_LEVEL = 0;
				GCC_PREPROCESSOR_DEFINITIONS = (
					"DEBUG=1",
					"$(inherited)",
				);
				GCC_SYMBOLS_PRIVATE_EXTERN = NO;
				GCC_WARN_64_TO_32_BIT_CONVERSION = YES;
				GCC_WARN_ABOUT_RETURN_TYPE = YES_ERROR;
				GCC_WARN_UNDECLARED_SELECTOR = YES;
				GCC_WARN_UNINITIALIZED_AUTOS = YES_AGGRESSIVE;
				GCC_WARN_UNUSED_FUNCTION = YES;
				GCC_WARN_UNUSED_VARIABLE = YES;
				IPHONEOS_DEPLOYMENT_TARGET = 8.3;
				MTL_ENABLE_DEBUG_INFO = YES;
				ONLY_ACTIVE_ARCH = YES;
				SDKROOT = iphoneos;
				SWIFT_OPTIMIZATION_LEVEL = "-Onone";
				TARGETED_DEVICE_FAMILY = "1,2";
			};
			name = Debug;
		};
		7CDC49941B2A4A1300291E4D /* Release */ = {
			isa = XCBuildConfiguration;
			buildSettings = {
				ALWAYS_SEARCH_USER_PATHS = NO;
				CLANG_CXX_LANGUAGE_STANDARD = "gnu++0x";
				CLANG_CXX_LIBRARY = "libc++";
				CLANG_ENABLE_MODULES = YES;
				CLANG_ENABLE_OBJC_ARC = YES;
				CLANG_WARN_BOOL_CONVERSION = YES;
				CLANG_WARN_CONSTANT_CONVERSION = YES;
				CLANG_WARN_DIRECT_OBJC_ISA_USAGE = YES_ERROR;
				CLANG_WARN_EMPTY_BODY = YES;
				CLANG_WARN_ENUM_CONVERSION = YES;
				CLANG_WARN_INT_CONVERSION = YES;
				CLANG_WARN_OBJC_ROOT_CLASS = YES_ERROR;
				CLANG_WARN_UNREACHABLE_CODE = YES;
				CLANG_WARN__DUPLICATE_METHOD_MATCH = YES;
				"CODE_SIGN_IDENTITY[sdk=iphoneos*]" = "iPhone Developer";
				COPY_PHASE_STRIP = NO;
				DEBUG_INFORMATION_FORMAT = "dwarf-with-dsym";
				ENABLE_NS_ASSERTIONS = NO;
				ENABLE_STRICT_OBJC_MSGSEND = YES;
				GCC_C_LANGUAGE_STANDARD = gnu99;
				GCC_NO_COMMON_BLOCKS = YES;
				GCC_WARN_64_TO_32_BIT_CONVERSION = YES;
				GCC_WARN_ABOUT_RETURN_TYPE = YES_ERROR;
				GCC_WARN_UNDECLARED_SELECTOR = YES;
				GCC_WARN_UNINITIALIZED_AUTOS = YES_AGGRESSIVE;
				GCC_WARN_UNUSED_FUNCTION = YES;
				GCC_WARN_UNUSED_VARIABLE = YES;
				IPHONEOS_DEPLOYMENT_TARGET = 8.3;
				MTL_ENABLE_DEBUG_INFO = NO;
				SDKROOT = iphoneos;
				TARGETED_DEVICE_FAMILY = "1,2";
				VALIDATE_PRODUCT = YES;
			};
			name = Release;
		};
		7CDC49961B2A4A1300291E4D /* Debug */ = {
			isa = XCBuildConfiguration;
			baseConfigurationReference = 37ACCDA998E1240487A95304 /* Pods.debug.xcconfig */;
			buildSettings = {
				ASSETCATALOG_COMPILER_APPICON_NAME = AppIcon;
				FRAMEWORK_SEARCH_PATHS = (
					"$(inherited)",
					"$(PROJECT_DIR)/BitDateApp",
				);
				INFOPLIST_FILE = BitDateApp/Info.plist;
				LD_RUNPATH_SEARCH_PATHS = "$(inherited) @executable_path/Frameworks";
				PRODUCT_NAME = "$(TARGET_NAME)";
				SWIFT_OBJC_BRIDGING_HEADER = "BitDateApp/Bridging-Header.h";
			};
			name = Debug;
		};
		7CDC49971B2A4A1300291E4D /* Release */ = {
			isa = XCBuildConfiguration;
			baseConfigurationReference = 19BC2C189654A4C8082CAF85 /* Pods.release.xcconfig */;
			buildSettings = {
				ASSETCATALOG_COMPILER_APPICON_NAME = AppIcon;
				FRAMEWORK_SEARCH_PATHS = (
					"$(inherited)",
					"$(PROJECT_DIR)/BitDateApp",
				);
				INFOPLIST_FILE = BitDateApp/Info.plist;
				LD_RUNPATH_SEARCH_PATHS = "$(inherited) @executable_path/Frameworks";
				PRODUCT_NAME = "$(TARGET_NAME)";
				SWIFT_OBJC_BRIDGING_HEADER = "BitDateApp/Bridging-Header.h";
			};
			name = Release;
		};
		7CDC49991B2A4A1300291E4D /* Debug */ = {
			isa = XCBuildConfiguration;
			buildSettings = {
				BUNDLE_LOADER = "$(TEST_HOST)";
				FRAMEWORK_SEARCH_PATHS = (
					"$(SDKROOT)/Developer/Library/Frameworks",
					"$(inherited)",
				);
				GCC_PREPROCESSOR_DEFINITIONS = (
					"DEBUG=1",
					"$(inherited)",
				);
				INFOPLIST_FILE = BitDateAppTests/Info.plist;
				LD_RUNPATH_SEARCH_PATHS = "$(inherited) @executable_path/Frameworks @loader_path/Frameworks";
				PRODUCT_NAME = "$(TARGET_NAME)";
				TEST_HOST = "$(BUILT_PRODUCTS_DIR)/BitDateApp.app/BitDateApp";
			};
			name = Debug;
		};
		7CDC499A1B2A4A1300291E4D /* Release */ = {
			isa = XCBuildConfiguration;
			buildSettings = {
				BUNDLE_LOADER = "$(TEST_HOST)";
				FRAMEWORK_SEARCH_PATHS = (
					"$(SDKROOT)/Developer/Library/Frameworks",
					"$(inherited)",
				);
				INFOPLIST_FILE = BitDateAppTests/Info.plist;
				LD_RUNPATH_SEARCH_PATHS = "$(inherited) @executable_path/Frameworks @loader_path/Frameworks";
				PRODUCT_NAME = "$(TARGET_NAME)";
				TEST_HOST = "$(BUILT_PRODUCTS_DIR)/BitDateApp.app/BitDateApp";
			};
			name = Release;
		};
/* End XCBuildConfiguration section */

/* Begin XCConfigurationList section */
		7CDC496E1B2A4A1300291E4D /* Build configuration list for PBXProject "BitDateApp" */ = {
			isa = XCConfigurationList;
			buildConfigurations = (
				7CDC49931B2A4A1300291E4D /* Debug */,
				7CDC49941B2A4A1300291E4D /* Release */,
			);
			defaultConfigurationIsVisible = 0;
			defaultConfigurationName = Release;
		};
		7CDC49951B2A4A1300291E4D /* Build configuration list for PBXNativeTarget "BitDateApp" */ = {
			isa = XCConfigurationList;
			buildConfigurations = (
				7CDC49961B2A4A1300291E4D /* Debug */,
				7CDC49971B2A4A1300291E4D /* Release */,
			);
			defaultConfigurationIsVisible = 0;
			defaultConfigurationName = Release;
		};
		7CDC49981B2A4A1300291E4D /* Build configuration list for PBXNativeTarget "BitDateAppTests" */ = {
			isa = XCConfigurationList;
			buildConfigurations = (
				7CDC49991B2A4A1300291E4D /* Debug */,
				7CDC499A1B2A4A1300291E4D /* Release */,
			);
			defaultConfigurationIsVisible = 0;
			defaultConfigurationName = Release;
		};
/* End XCConfigurationList section */

/* Begin XCVersionGroup section */
		7CDC497A1B2A4A1300291E4D /* BitDateApp.xcdatamodeld */ = {
			isa = XCVersionGroup;
			children = (
				7CDC497B1B2A4A1300291E4D /* BitDateApp.xcdatamodel */,
			);
			currentVersion = 7CDC497B1B2A4A1300291E4D /* BitDateApp.xcdatamodel */;
			path = BitDateApp.xcdatamodeld;
			sourceTree = "<group>";
			versionGroupType = wrapper.xcdatamodel;
		};
/* End XCVersionGroup section */
	};
	rootObject = 7CDC496B1B2A4A1300291E4D /* Project object */;
}
